{
  "name": "waterflo",
  "version": "1.0.0",
  "lockfileVersion": 1,
  "requires": true,
  "dependencies": {
    "GLSlideshow": {
      "version": "2.0.1",
      "resolved": "https://registry.npmjs.org/GLSlideshow/-/GLSlideshow-2.0.1.tgz",
      "integrity": "sha512-Eg2OizqgcWOIGVTFCFKCqcztEUphgBJOVmmEyCkBJZMD1cfvLY5X9mAzrLT3y1GOSTorCarRuhTRnA7HNYd8Pg=="
    }
  }
}
